
Microsoft Visual Studio Solution File, Format Version 12.00
# Visual Studio 2013
VisualStudioVersion = 12.0.21005.1
MinimumVisualStudioVersion = 10.0.40219.1
Project("{8BC9CEB8-8B4A-11D0-8D11-00A0C91BC942}") = "companysSales", "companysSales\companysSales.vcxproj", "{68581636-D013-4A31-A649-E9652808813C}"
EndProject
Global
	GlobalSection(SolutionConfigurationPlatforms) = preSolution
		Debug|Win32 = Debug|Win32
		Release|Win32 = Release|Win32
	EndGlobalSection
	GlobalSection(ProjectConfigurationPlatforms) = postSolution
		{68581636-D013-4A31-A649-E9652808813C}.Debug|Win32.ActiveCfg = Debug|Win32
		{68581636-D013-4A31-A649-E9652808813C}.Debug|Win32.Build.0 = Debug|Win32
		{68581636-D013-4A31-A649-E9652808813C}.Release|Win32.ActiveCfg = Release|Win32
		{68581636-D013-4A31-A649-E9652808813C}.Release|Win32.Build.0 = Release|Win32
	EndGlobalSection
	GlobalSection(SolutionProperties) = preSolution
		HideSolutionNode = FALSE
	EndGlobalSection
EndGlobal
